
Microsoft Visual Studio Solution File, Format Version 12.00
# Visual Studio Version 17
VisualStudioVersion = 17.0.32014.148
MinimumVisualStudioVersion = 10.0.40219.1
Project("{9A19103F-16F7-4668-BE54-9A1E7A4F7556}") = "EmployeeApi", "src\EmployeeApi\EmployeeApi.csproj", "{D306E986-2CED-4EF3-9619-9B9B2E610741}"
EndProject
Project("{00D1A9C2-B5F0-4AF3-8072-F6C62B433612}") = "Employee.Database", "src\Employee.Database\Employee.Database.sqlproj", "{014685CB-E8D0-45F4-8EEA-D2DF20E1F219}"
EndProject
Project("{9A19103F-16F7-4668-BE54-9A1E7A4F7556}") = "Infrastructure.Employee", "src\Infrastructure.Employee\Infrastructure.Employee.csproj", "{7B6241AC-AAA5-4798-82F7-8489B49F03D0}"
EndProject
Project("{9A19103F-16F7-4668-BE54-9A1E7A4F7556}") = "Employee.Contracts", "src\Employee.Contracts\Employee.Contracts.csproj", "{7583278A-64A7-4517-89E4-FBD29B02F1E8}"
EndProject
Project("{9A19103F-16F7-4668-BE54-9A1E7A4F7556}") = "Domain.Employee", "src\Domain.Employee\Domain.Employee.csproj", "{5C534111-9608-4B9C-8B79-E7A0CC9F451F}"
EndProject
Project("{2150E333-8FDC-42A3-9474-1A3956D46DE8}") = "src", "src", "{359FDF07-FF5F-4CA1-896F-D5C72F40EE64}"
EndProject
Project("{2150E333-8FDC-42A3-9474-1A3956D46DE8}") = "test", "test", "{1A2DC979-B449-45B7-9E3C-E79610C18414}"
EndProject
Project("{FAE04EC0-301F-11D3-BF4B-00C04F79EFBC}") = "Domain.Employee.Test", "test\Domain.Employee.Test\Domain.Employee.Test.csproj", "{DAB81CFF-5853-477E-9215-F038FCE5F4D5}"
EndProject
Global
	GlobalSection(SolutionConfigurationPlatforms) = preSolution
		Debug|Any CPU = Debug|Any CPU
		Release|Any CPU = Release|Any CPU
	EndGlobalSection
	GlobalSection(ProjectConfigurationPlatforms) = postSolution
		{D306E986-2CED-4EF3-9619-9B9B2E610741}.Debug|Any CPU.ActiveCfg = Debug|Any CPU
		{D306E986-2CED-4EF3-9619-9B9B2E610741}.Debug|Any CPU.Build.0 = Debug|Any CPU
		{D306E986-2CED-4EF3-9619-9B9B2E610741}.Release|Any CPU.ActiveCfg = Release|Any CPU
		{D306E986-2CED-4EF3-9619-9B9B2E610741}.Release|Any CPU.Build.0 = Release|Any CPU
		{014685CB-E8D0-45F4-8EEA-D2DF20E1F219}.Debug|Any CPU.ActiveCfg = Debug|Any CPU
		{014685CB-E8D0-45F4-8EEA-D2DF20E1F219}.Debug|Any CPU.Build.0 = Debug|Any CPU
		{014685CB-E8D0-45F4-8EEA-D2DF20E1F219}.Debug|Any CPU.Deploy.0 = Debug|Any CPU
		{014685CB-E8D0-45F4-8EEA-D2DF20E1F219}.Release|Any CPU.ActiveCfg = Release|Any CPU
		{014685CB-E8D0-45F4-8EEA-D2DF20E1F219}.Release|Any CPU.Build.0 = Release|Any CPU
		{014685CB-E8D0-45F4-8EEA-D2DF20E1F219}.Release|Any CPU.Deploy.0 = Release|Any CPU
		{7B6241AC-AAA5-4798-82F7-8489B49F03D0}.Debug|Any CPU.ActiveCfg = Debug|Any CPU
		{7B6241AC-AAA5-4798-82F7-8489B49F03D0}.Debug|Any CPU.Build.0 = Debug|Any CPU
		{7B6241AC-AAA5-4798-82F7-8489B49F03D0}.Release|Any CPU.ActiveCfg = Release|Any CPU
		{7B6241AC-AAA5-4798-82F7-8489B49F03D0}.Release|Any CPU.Build.0 = Release|Any CPU
		{7583278A-64A7-4517-89E4-FBD29B02F1E8}.Debug|Any CPU.ActiveCfg = Debug|Any CPU
		{7583278A-64A7-4517-89E4-FBD29B02F1E8}.Debug|Any CPU.Build.0 = Debug|Any CPU
		{7583278A-64A7-4517-89E4-FBD29B02F1E8}.Release|Any CPU.ActiveCfg = Release|Any CPU
		{7583278A-64A7-4517-89E4-FBD29B02F1E8}.Release|Any CPU.Build.0 = Release|Any CPU
		{5C534111-9608-4B9C-8B79-E7A0CC9F451F}.Debug|Any CPU.ActiveCfg = Debug|Any CPU
		{5C534111-9608-4B9C-8B79-E7A0CC9F451F}.Debug|Any CPU.Build.0 = Debug|Any CPU
		{5C534111-9608-4B9C-8B79-E7A0CC9F451F}.Release|Any CPU.ActiveCfg = Release|Any CPU
		{5C534111-9608-4B9C-8B79-E7A0CC9F451F}.Release|Any CPU.Build.0 = Release|Any CPU
		{DAB81CFF-5853-477E-9215-F038FCE5F4D5}.Debug|Any CPU.ActiveCfg = Debug|Any CPU
		{DAB81CFF-5853-477E-9215-F038FCE5F4D5}.Debug|Any CPU.Build.0 = Debug|Any CPU
		{DAB81CFF-5853-477E-9215-F038FCE5F4D5}.Release|Any CPU.ActiveCfg = Release|Any CPU
		{DAB81CFF-5853-477E-9215-F038FCE5F4D5}.Release|Any CPU.Build.0 = Release|Any CPU
	EndGlobalSection
	GlobalSection(SolutionProperties) = preSolution
		HideSolutionNode = FALSE
	EndGlobalSection
	GlobalSection(NestedProjects) = preSolution
		{D306E986-2CED-4EF3-9619-9B9B2E610741} = {359FDF07-FF5F-4CA1-896F-D5C72F40EE64}
		{014685CB-E8D0-45F4-8EEA-D2DF20E1F219} = {359FDF07-FF5F-4CA1-896F-D5C72F40EE64}
		{7B6241AC-AAA5-4798-82F7-8489B49F03D0} = {359FDF07-FF5F-4CA1-896F-D5C72F40EE64}
		{7583278A-64A7-4517-89E4-FBD29B02F1E8} = {359FDF07-FF5F-4CA1-896F-D5C72F40EE64}
		{5C534111-9608-4B9C-8B79-E7A0CC9F451F} = {359FDF07-FF5F-4CA1-896F-D5C72F40EE64}
		{DAB81CFF-5853-477E-9215-F038FCE5F4D5} = {1A2DC979-B449-45B7-9E3C-E79610C18414}
	EndGlobalSection
	GlobalSection(ExtensibilityGlobals) = postSolution
		SolutionGuid = {E071D04A-8097-46B2-868A-7A07A69070A7}
	EndGlobalSection
EndGlobal
